{
  "name": "@effectorhq/graph",
  "version": "1.0.0",
  "lockfileVersion": 3,
  "requires": true,
  "packages": {
    "": {
      "name": "@effectorhq/graph",
      "version": "1.0.0",
      "license": "Apache-2.0",
      "dependencies": {
        "@effectorhq/core": "^1.0.0",
        "@effectorhq/types": "^1.0.0"
      },
      "bin": {
        "effector-graph": "bin/effector-graph.js"
      },
      "engines": {
        "node": ">=18.0.0"
      }
    },
    "node_modules/@effectorhq/core": {
      "version": "1.0.0",
      "resolved": "https://registry.npmjs.org/@effectorhq/core/-/core-1.0.0.tgz",
      "integrity": "sha512-nWGnUv01qZ34oY95zq/pDqlvnwdUkfEZKTOW1pbHMhPVWvdqbMPE6TCuc3Mq4CfBWJTbwjHDaMgvcIc2Qoc4jg==",
      "license": "Apache-2.0",
      "bin": {
        "effector-core": "src/cli.js"
      },
      "engines": {
        "node": ">=18"
      },
      "funding": {
        "type": "github",
        "url": "https://github.com/sponsors/effectorHQ"
      }
    },
    "node_modules/@effectorhq/types": {
      "version": "1.0.0",
      "resolved": "https://registry.npmjs.org/@effectorhq/types/-/types-1.0.0.tgz",
      "integrity": "sha512-EN4QRYLpREbHpTzg/nlAvmxoSMhn9PByyQpdAq2+WHDCG9m+OyK/qKrmXlsTnq5Zd1HZ/A1e+jxkCxNGrEo83Q==",
      "license": "Apache-2.0",
      "engines": {
        "node": ">=18.0.0"
      }
    }
  }
}
