{
  "name": "effector-graph",
  "version": "0.1.0",
  "lockfileVersion": 3,
  "requires": true,
  "packages": {
    "": {
      "name": "effector-graph",
      "version": "0.1.0",
      "license": "MIT",
      "dependencies": {
        "@effectorhq/core": "file:../effector-core",
        "effector-types": "file:../effector-types"
      },
      "bin": {
        "effector-graph": "bin/effector-graph.js"
      },
      "engines": {
        "node": ">=18.0.0"
      }
    },
    "../effector-core": {
      "name": "@effectorhq/core",
      "version": "0.1.0",
      "license": "MIT",
      "engines": {
        "node": ">=18.0.0"
      }
    },
    "../effector-types": {
      "version": "0.2.0",
      "license": "MIT",
      "devDependencies": {
        "typescript": "^5.4.0"
      },
      "engines": {
        "node": ">=18.0.0"
      }
    },
    "node_modules/@effectorhq/core": {
      "resolved": "../effector-core",
      "link": true
    },
    "node_modules/effector-types": {
      "resolved": "../effector-types",
      "link": true
    }
  }
}
