{
  "name": "@effectorhq/graph",
  "version": "1.0.0",
  "lockfileVersion": 3,
  "requires": true,
  "packages": {
    "": {
      "name": "@effectorhq/graph",
      "version": "1.0.0",
      "license": "MIT",
      "dependencies": {
        "@effectorhq/core": "^1.0.0",
        "effector-types": "^0.2.0"
      },
      "bin": {
        "effector-graph": "bin/effector-graph.js"
      },
      "engines": {
        "node": ">=18.0.0"
      }
    },
    "node_modules/@effectorhq/core": {
      "version": "1.0.0",
      "resolved": "https://registry.npmjs.org/@effectorhq/core/-/core-1.0.0.tgz",
      "integrity": "sha512-nWGnUv01qZ34oY95zq/pDqlvnwdUkfEZKTOW1pbHMhPVWvdqbMPE6TCuc3Mq4CfBWJTbwjHDaMgvcIc2Qoc4jg==",
      "license": "MIT",
      "bin": {
        "effector-core": "src/cli.js"
      },
      "engines": {
        "node": ">=18"
      },
      "funding": {
        "type": "github",
        "url": "https://github.com/sponsors/effectorHQ"
      }
    },
    "node_modules/effector-types": {
      "version": "0.2.0",
      "resolved": "https://registry.npmjs.org/effector-types/-/effector-types-0.2.0.tgz",
      "integrity": "sha512-8cmVUPcKvJTLJQ504p1uHljIM93d9LinFqQ5ErmJPHtoT02ikhy0PQRwYm8R3Ef/FZapLq0Rl2BCTrp/PRcmGA==",
      "license": "MIT",
      "engines": {
        "node": ">=18.0.0"
      }
    }
  }
}
